
Microsoft Visual Studio Solution File, Format Version 12.00
# Visual Studio Version 17
VisualStudioVersion = 17.2.32630.192
MinimumVisualStudioVersion = 10.0.40219.1
Project("{9A19103F-16F7-4668-BE54-9A1E7A4F7556}") = "R5T.L0058.Construction", "R5T.L0058.Construction\R5T.L0058.Construction.csproj", "{DB135F5A-0B1A-423F-8279-8242969549F0}"
EndProject
Project("{9A19103F-16F7-4668-BE54-9A1E7A4F7556}") = "R5T.L0058", "R5T.L0058\R5T.L0058.csproj", "{D83B8199-9631-40F7-B34D-639454EAA587}"
EndProject
Project("{2150E333-8FDC-42A3-9474-1A3956D46DE8}") = "_Dependencies", "_Dependencies", "{1C775013-AD7F-4A20-83E9-D86CF415D57B}"
EndProject
Project("{9A19103F-16F7-4668-BE54-9A1E7A4F7556}") = "R5T.F0000", "..\..\R5T.F0000\source\R5T.F0000\R5T.F0000.csproj", "{315BE864-A03B-4484-859A-B1BD512F507E}"
EndProject
Project("{9A19103F-16F7-4668-BE54-9A1E7A4F7556}") = "R5T.F0002", "..\..\R5T.F0002\source\R5T.F0002\R5T.F0002.csproj", "{3CB8D9F9-28A3-4C30-95CA-2E5127A06680}"
EndProject
Project("{9A19103F-16F7-4668-BE54-9A1E7A4F7556}") = "R5T.F0033.Platform", "..\..\R5T.F0033\source\R5T.F0033.Platform\R5T.F0033.Platform.csproj", "{41FEAA0D-D030-4963-AEB9-3101E1C8FA3E}"
EndProject
Project("{9A19103F-16F7-4668-BE54-9A1E7A4F7556}") = "R5T.F0033", "..\..\R5T.F0033\source\R5T.F0033\R5T.F0033.csproj", "{0691885F-68D6-4F6A-B122-0E3354868CA7}"
EndProject
Project("{9A19103F-16F7-4668-BE54-9A1E7A4F7556}") = "R5T.F0034", "..\..\R5T.F0034\source\R5T.F0034\R5T.F0034.csproj", "{584DE800-1D85-46FE-ACB5-F2CBF4FA97E1}"
EndProject
Project("{9A19103F-16F7-4668-BE54-9A1E7A4F7556}") = "R5T.F0035.F001", "..\..\R5T.F0035\source\R5T.F0035.F001\R5T.F0035.F001.csproj", "{9A5FA30B-868E-42FF-823D-E2E786BB77D5}"
EndProject
Project("{9A19103F-16F7-4668-BE54-9A1E7A4F7556}") = "R5T.F0059", "..\..\R5T.F0059\source\R5T.F0059\R5T.F0059.csproj", "{E0E5B6B1-DE4F-46C2-8254-3A4F86230AD0}"
EndProject
Project("{9A19103F-16F7-4668-BE54-9A1E7A4F7556}") = "R5T.L0053", "..\..\R5T.L0053\source\R5T.L0053\R5T.L0053.csproj", "{B05DF4D0-B2D3-4D96-8509-674AA0A80901}"
EndProject
Project("{9A19103F-16F7-4668-BE54-9A1E7A4F7556}") = "R5T.L0055", "..\..\R5T.L0055\source\R5T.L0055\R5T.L0055.csproj", "{BC61CBB5-C6D9-4A19-84A8-348C7D6F8005}"
EndProject
Project("{9A19103F-16F7-4668-BE54-9A1E7A4F7556}") = "R5T.L0056", "..\..\R5T.L0056\source\R5T.L0056\R5T.L0056.csproj", "{5E69F79F-21CC-4770-8061-91692425413F}"
EndProject
Project("{9A19103F-16F7-4668-BE54-9A1E7A4F7556}") = "R5T.L0057", "..\..\R5T.L0057\source\R5T.L0057\R5T.L0057.csproj", "{F142D7A7-59F4-48FD-8BD1-2E407D19CDF8}"
EndProject
Project("{9A19103F-16F7-4668-BE54-9A1E7A4F7556}") = "R5T.NG0002", "..\..\R5T.NG0002\source\R5T.NG0002\R5T.NG0002.csproj", "{45321160-9F47-4BE3-9BA9-C024963A9291}"
EndProject
Project("{9A19103F-16F7-4668-BE54-9A1E7A4F7556}") = "R5T.NG0006", "..\..\R5T.NG0006\source\R5T.NG0006\R5T.NG0006.csproj", "{9D552172-8ED5-4DB3-B8E9-94AE8277AE8B}"
EndProject
Project("{9A19103F-16F7-4668-BE54-9A1E7A4F7556}") = "R5T.NG0007", "..\..\R5T.NG0007\source\R5T.NG0007\R5T.NG0007.csproj", "{E5102A69-AA59-4748-9C61-727657A24EE5}"
EndProject
Project("{9A19103F-16F7-4668-BE54-9A1E7A4F7556}") = "R5T.T0131", "..\..\R5T.T0131\source\R5T.T0131\R5T.T0131.csproj", "{C6359E03-EC89-4A1C-AFD8-B6F1D62EC337}"
EndProject
Project("{9A19103F-16F7-4668-BE54-9A1E7A4F7556}") = "R5T.T0132", "..\..\R5T.T0132\source\R5T.T0132\R5T.T0132.csproj", "{0A83CD2A-A921-4756-93D1-CD5C50CA15FC}"
EndProject
Project("{9A19103F-16F7-4668-BE54-9A1E7A4F7556}") = "R5T.T0141", "..\..\R5T.T0141\source\R5T.T0141\R5T.T0141.csproj", "{DE072CD5-44B4-4A74-8D3A-30BBEA5CBC2A}"
EndProject
Project("{9A19103F-16F7-4668-BE54-9A1E7A4F7556}") = "R5T.T0142", "..\..\R5T.T0142\source\R5T.T0142\R5T.T0142.csproj", "{E0414D88-D4CE-4151-8BE0-8A9942542946}"
EndProject
Project("{9A19103F-16F7-4668-BE54-9A1E7A4F7556}") = "R5T.T0143", "..\..\R5T.T0143\source\R5T.T0143\R5T.T0143.csproj", "{C4E355C8-4276-4DEA-8104-D5E057BEEF12}"
EndProject
Project("{9A19103F-16F7-4668-BE54-9A1E7A4F7556}") = "R5T.T0148", "..\..\R5T.T0148\source\R5T.T0148\R5T.T0148.csproj", "{2F70BCF9-1A51-46A4-BFB2-A91218D16A69}"
EndProject
Project("{9A19103F-16F7-4668-BE54-9A1E7A4F7556}") = "R5T.T0156", "..\..\R5T.T0156\source\R5T.T0156\R5T.T0156.csproj", "{CD4BFE25-AF45-4F15-BB0C-19123AE3F289}"
EndProject
Project("{9A19103F-16F7-4668-BE54-9A1E7A4F7556}") = "R5T.T0158.F000", "..\..\R5T.T0158\source\R5T.T0158.F000\R5T.T0158.F000.csproj", "{95114A49-A5B3-4137-8E61-7D1650B2535B}"
EndProject
Project("{9A19103F-16F7-4668-BE54-9A1E7A4F7556}") = "R5T.T0158.T000", "..\..\R5T.T0158\source\R5T.T0158.T000\R5T.T0158.T000.csproj", "{4B003F24-EF03-427E-8571-F561E9C37CC5}"
EndProject
Project("{9A19103F-16F7-4668-BE54-9A1E7A4F7556}") = "R5T.T0158", "..\..\R5T.T0158\source\R5T.T0158\R5T.T0158.csproj", "{B2519F12-A13F-47EE-A4BD-27CC5C3FE3E3}"
EndProject
Project("{9A19103F-16F7-4668-BE54-9A1E7A4F7556}") = "R5T.T0159.F000", "..\..\R5T.T0159\source\R5T.T0159.F000\R5T.T0159.F000.csproj", "{208409CE-6F17-4ADC-8933-7370F430A424}"
EndProject
Project("{9A19103F-16F7-4668-BE54-9A1E7A4F7556}") = "R5T.T0159", "..\..\R5T.T0159\source\R5T.T0159\R5T.T0159.csproj", "{4F38E349-5606-4C7D-80B3-E6F0EB713A16}"
EndProject
Project("{9A19103F-16F7-4668-BE54-9A1E7A4F7556}") = "R5T.T0178", "..\..\R5T.T0178\source\R5T.T0178\R5T.T0178.csproj", "{4485F630-736C-45DA-8535-51B83BC0CD01}"
EndProject
Project("{9A19103F-16F7-4668-BE54-9A1E7A4F7556}") = "R5T.T0179", "..\..\R5T.T0179\source\R5T.T0179\R5T.T0179.csproj", "{936AD431-D492-41A6-965F-A3A4B9411D3F}"
EndProject
Project("{9A19103F-16F7-4668-BE54-9A1E7A4F7556}") = "R5T.T0180", "..\..\R5T.T0180\source\R5T.T0180\R5T.T0180.csproj", "{DF080FC0-84D0-4395-93A6-DBDD99301004}"
EndProject
Project("{9A19103F-16F7-4668-BE54-9A1E7A4F7556}") = "R5T.T0181", "..\..\R5T.T0181\source\R5T.T0181\R5T.T0181.csproj", "{6A7C50A7-6731-40BD-9C1E-9A20E26CBC29}"
EndProject
Project("{9A19103F-16F7-4668-BE54-9A1E7A4F7556}") = "R5T.T0199", "..\..\R5T.T0199\source\R5T.T0199\R5T.T0199.csproj", "{18DBEF19-5B3B-4A87-AB61-4E9C6457ECD3}"
EndProject
Project("{9A19103F-16F7-4668-BE54-9A1E7A4F7556}") = "R5T.Y0000", "..\..\R5T.Y0000\source\R5T.Y0000\R5T.Y0000.csproj", "{257F9428-1036-4F65-BBCF-DC53BD8D1E4A}"
EndProject
Project("{9A19103F-16F7-4668-BE54-9A1E7A4F7556}") = "R5T.Z0000", "..\..\R5T.Z0000\source\R5T.Z0000\R5T.Z0000.csproj", "{FC4257D9-87F4-4AA7-814D-46323ADB6571}"
EndProject
Project("{9A19103F-16F7-4668-BE54-9A1E7A4F7556}") = "R5T.Z0010.Platform", "..\..\R5T.Z0010\source\R5T.Z0010.Platform\R5T.Z0010.Platform.csproj", "{EF0435F0-EFFF-4A65-BAAC-0EC34C6ED99E}"
EndProject
Project("{9A19103F-16F7-4668-BE54-9A1E7A4F7556}") = "R5T.Z0010", "..\..\R5T.Z0010\source\R5T.Z0010\R5T.Z0010.csproj", "{F2D31F35-8F91-4955-BFAB-C73894D1DBD9}"
EndProject
Project("{9A19103F-16F7-4668-BE54-9A1E7A4F7556}") = "R5T.Z0063.Platform", "..\..\R5T.Z0063\source\R5T.Z0063.Platform\R5T.Z0063.Platform.csproj", "{5402FA15-0503-4830-AAB3-859FE408CF42}"
EndProject
Project("{9A19103F-16F7-4668-BE54-9A1E7A4F7556}") = "R5T.Z0063", "..\..\R5T.Z0063\source\R5T.Z0063\R5T.Z0063.csproj", "{0FABB31D-D789-4686-B7FD-323CC431CEC0}"
EndProject
Global
	GlobalSection(NestedProjects) = preSolution
		{315BE864-A03B-4484-859A-B1BD512F507E} = {1C775013-AD7F-4A20-83E9-D86CF415D57B}
		{3CB8D9F9-28A3-4C30-95CA-2E5127A06680} = {1C775013-AD7F-4A20-83E9-D86CF415D57B}
		{41FEAA0D-D030-4963-AEB9-3101E1C8FA3E} = {1C775013-AD7F-4A20-83E9-D86CF415D57B}
		{0691885F-68D6-4F6A-B122-0E3354868CA7} = {1C775013-AD7F-4A20-83E9-D86CF415D57B}
		{584DE800-1D85-46FE-ACB5-F2CBF4FA97E1} = {1C775013-AD7F-4A20-83E9-D86CF415D57B}
		{9A5FA30B-868E-42FF-823D-E2E786BB77D5} = {1C775013-AD7F-4A20-83E9-D86CF415D57B}
		{E0E5B6B1-DE4F-46C2-8254-3A4F86230AD0} = {1C775013-AD7F-4A20-83E9-D86CF415D57B}
		{B05DF4D0-B2D3-4D96-8509-674AA0A80901} = {1C775013-AD7F-4A20-83E9-D86CF415D57B}
		{BC61CBB5-C6D9-4A19-84A8-348C7D6F8005} = {1C775013-AD7F-4A20-83E9-D86CF415D57B}
		{5E69F79F-21CC-4770-8061-91692425413F} = {1C775013-AD7F-4A20-83E9-D86CF415D57B}
		{F142D7A7-59F4-48FD-8BD1-2E407D19CDF8} = {1C775013-AD7F-4A20-83E9-D86CF415D57B}
		{45321160-9F47-4BE3-9BA9-C024963A9291} = {1C775013-AD7F-4A20-83E9-D86CF415D57B}
		{9D552172-8ED5-4DB3-B8E9-94AE8277AE8B} = {1C775013-AD7F-4A20-83E9-D86CF415D57B}
		{E5102A69-AA59-4748-9C61-727657A24EE5} = {1C775013-AD7F-4A20-83E9-D86CF415D57B}
		{C6359E03-EC89-4A1C-AFD8-B6F1D62EC337} = {1C775013-AD7F-4A20-83E9-D86CF415D57B}
		{0A83CD2A-A921-4756-93D1-CD5C50CA15FC} = {1C775013-AD7F-4A20-83E9-D86CF415D57B}
		{DE072CD5-44B4-4A74-8D3A-30BBEA5CBC2A} = {1C775013-AD7F-4A20-83E9-D86CF415D57B}
		{E0414D88-D4CE-4151-8BE0-8A9942542946} = {1C775013-AD7F-4A20-83E9-D86CF415D57B}
		{C4E355C8-4276-4DEA-8104-D5E057BEEF12} = {1C775013-AD7F-4A20-83E9-D86CF415D57B}
		{2F70BCF9-1A51-46A4-BFB2-A91218D16A69} = {1C775013-AD7F-4A20-83E9-D86CF415D57B}
		{CD4BFE25-AF45-4F15-BB0C-19123AE3F289} = {1C775013-AD7F-4A20-83E9-D86CF415D57B}
		{95114A49-A5B3-4137-8E61-7D1650B2535B} = {1C775013-AD7F-4A20-83E9-D86CF415D57B}
		{4B003F24-EF03-427E-8571-F561E9C37CC5} = {1C775013-AD7F-4A20-83E9-D86CF415D57B}
		{B2519F12-A13F-47EE-A4BD-27CC5C3FE3E3} = {1C775013-AD7F-4A20-83E9-D86CF415D57B}
		{208409CE-6F17-4ADC-8933-7370F430A424} = {1C775013-AD7F-4A20-83E9-D86CF415D57B}
		{4F38E349-5606-4C7D-80B3-E6F0EB713A16} = {1C775013-AD7F-4A20-83E9-D86CF415D57B}
		{4485F630-736C-45DA-8535-51B83BC0CD01} = {1C775013-AD7F-4A20-83E9-D86CF415D57B}
		{936AD431-D492-41A6-965F-A3A4B9411D3F} = {1C775013-AD7F-4A20-83E9-D86CF415D57B}
		{DF080FC0-84D0-4395-93A6-DBDD99301004} = {1C775013-AD7F-4A20-83E9-D86CF415D57B}
		{6A7C50A7-6731-40BD-9C1E-9A20E26CBC29} = {1C775013-AD7F-4A20-83E9-D86CF415D57B}
		{18DBEF19-5B3B-4A87-AB61-4E9C6457ECD3} = {1C775013-AD7F-4A20-83E9-D86CF415D57B}
		{257F9428-1036-4F65-BBCF-DC53BD8D1E4A} = {1C775013-AD7F-4A20-83E9-D86CF415D57B}
		{FC4257D9-87F4-4AA7-814D-46323ADB6571} = {1C775013-AD7F-4A20-83E9-D86CF415D57B}
		{EF0435F0-EFFF-4A65-BAAC-0EC34C6ED99E} = {1C775013-AD7F-4A20-83E9-D86CF415D57B}
		{F2D31F35-8F91-4955-BFAB-C73894D1DBD9} = {1C775013-AD7F-4A20-83E9-D86CF415D57B}
		{5402FA15-0503-4830-AAB3-859FE408CF42} = {1C775013-AD7F-4A20-83E9-D86CF415D57B}
		{0FABB31D-D789-4686-B7FD-323CC431CEC0} = {1C775013-AD7F-4A20-83E9-D86CF415D57B}
	EndGlobalSection
	GlobalSection(SolutionConfigurationPlatforms) = preSolution
		Debug|Any CPU = Debug|Any CPU
		Release|Any CPU = Release|Any CPU
	EndGlobalSection
	GlobalSection(ProjectConfigurationPlatforms) = postSolution
		{DB135F5A-0B1A-423F-8279-8242969549F0}.Debug|Any CPU.ActiveCfg = Debug|Any CPU
		{DB135F5A-0B1A-423F-8279-8242969549F0}.Debug|Any CPU.Build.0 = Debug|Any CPU
		{DB135F5A-0B1A-423F-8279-8242969549F0}.Release|Any CPU.ActiveCfg = Release|Any CPU
		{DB135F5A-0B1A-423F-8279-8242969549F0}.Release|Any CPU.Build.0 = Release|Any CPU
		{D83B8199-9631-40F7-B34D-639454EAA587}.Debug|Any CPU.ActiveCfg = Debug|Any CPU
		{D83B8199-9631-40F7-B34D-639454EAA587}.Debug|Any CPU.Build.0 = Debug|Any CPU
		{D83B8199-9631-40F7-B34D-639454EAA587}.Release|Any CPU.ActiveCfg = Release|Any CPU
		{D83B8199-9631-40F7-B34D-639454EAA587}.Release|Any CPU.Build.0 = Release|Any CPU
		{315BE864-A03B-4484-859A-B1BD512F507E}.Debug|Any CPU.ActiveCfg = Debug|Any CPU
		{315BE864-A03B-4484-859A-B1BD512F507E}.Debug|Any CPU.Build.0 = Debug|Any CPU
		{315BE864-A03B-4484-859A-B1BD512F507E}.Release|Any CPU.ActiveCfg = Release|Any CPU
		{315BE864-A03B-4484-859A-B1BD512F507E}.Release|Any CPU.Build.0 = Release|Any CPU
		{3CB8D9F9-28A3-4C30-95CA-2E5127A06680}.Debug|Any CPU.ActiveCfg = Debug|Any CPU
		{3CB8D9F9-28A3-4C30-95CA-2E5127A06680}.Debug|Any CPU.Build.0 = Debug|Any CPU
		{3CB8D9F9-28A3-4C30-95CA-2E5127A06680}.Release|Any CPU.ActiveCfg = Release|Any CPU
		{3CB8D9F9-28A3-4C30-95CA-2E5127A06680}.Release|Any CPU.Build.0 = Release|Any CPU
		{41FEAA0D-D030-4963-AEB9-3101E1C8FA3E}.Debug|Any CPU.ActiveCfg = Debug|Any CPU
		{41FEAA0D-D030-4963-AEB9-3101E1C8FA3E}.Debug|Any CPU.Build.0 = Debug|Any CPU
		{41FEAA0D-D030-4963-AEB9-3101E1C8FA3E}.Release|Any CPU.ActiveCfg = Release|Any CPU
		{41FEAA0D-D030-4963-AEB9-3101E1C8FA3E}.Release|Any CPU.Build.0 = Release|Any CPU
		{0691885F-68D6-4F6A-B122-0E3354868CA7}.Debug|Any CPU.ActiveCfg = Debug|Any CPU
		{0691885F-68D6-4F6A-B122-0E3354868CA7}.Debug|Any CPU.Build.0 = Debug|Any CPU
		{0691885F-68D6-4F6A-B122-0E3354868CA7}.Release|Any CPU.ActiveCfg = Release|Any CPU
		{0691885F-68D6-4F6A-B122-0E3354868CA7}.Release|Any CPU.Build.0 = Release|Any CPU
		{584DE800-1D85-46FE-ACB5-F2CBF4FA97E1}.Debug|Any CPU.ActiveCfg = Debug|Any CPU
		{584DE800-1D85-46FE-ACB5-F2CBF4FA97E1}.Debug|Any CPU.Build.0 = Debug|Any CPU
		{584DE800-1D85-46FE-ACB5-F2CBF4FA97E1}.Release|Any CPU.ActiveCfg = Release|Any CPU
		{584DE800-1D85-46FE-ACB5-F2CBF4FA97E1}.Release|Any CPU.Build.0 = Release|Any CPU
		{9A5FA30B-868E-42FF-823D-E2E786BB77D5}.Debug|Any CPU.ActiveCfg = Debug|Any CPU
		{9A5FA30B-868E-42FF-823D-E2E786BB77D5}.Debug|Any CPU.Build.0 = Debug|Any CPU
		{9A5FA30B-868E-42FF-823D-E2E786BB77D5}.Release|Any CPU.ActiveCfg = Release|Any CPU
		{9A5FA30B-868E-42FF-823D-E2E786BB77D5}.Release|Any CPU.Build.0 = Release|Any CPU
		{E0E5B6B1-DE4F-46C2-8254-3A4F86230AD0}.Debug|Any CPU.ActiveCfg = Debug|Any CPU
		{E0E5B6B1-DE4F-46C2-8254-3A4F86230AD0}.Debug|Any CPU.Build.0 = Debug|Any CPU
		{E0E5B6B1-DE4F-46C2-8254-3A4F86230AD0}.Release|Any CPU.ActiveCfg = Release|Any CPU
		{E0E5B6B1-DE4F-46C2-8254-3A4F86230AD0}.Release|Any CPU.Build.0 = Release|Any CPU
		{B05DF4D0-B2D3-4D96-8509-674AA0A80901}.Debug|Any CPU.ActiveCfg = Debug|Any CPU
		{B05DF4D0-B2D3-4D96-8509-674AA0A80901}.Debug|Any CPU.Build.0 = Debug|Any CPU
		{B05DF4D0-B2D3-4D96-8509-674AA0A80901}.Release|Any CPU.ActiveCfg = Release|Any CPU
		{B05DF4D0-B2D3-4D96-8509-674AA0A80901}.Release|Any CPU.Build.0 = Release|Any CPU
		{BC61CBB5-C6D9-4A19-84A8-348C7D6F8005}.Debug|Any CPU.ActiveCfg = Debug|Any CPU
		{BC61CBB5-C6D9-4A19-84A8-348C7D6F8005}.Debug|Any CPU.Build.0 = Debug|Any CPU
		{BC61CBB5-C6D9-4A19-84A8-348C7D6F8005}.Release|Any CPU.ActiveCfg = Release|Any CPU
		{BC61CBB5-C6D9-4A19-84A8-348C7D6F8005}.Release|Any CPU.Build.0 = Release|Any CPU
		{5E69F79F-21CC-4770-8061-91692425413F}.Debug|Any CPU.ActiveCfg = Debug|Any CPU
		{5E69F79F-21CC-4770-8061-91692425413F}.Debug|Any CPU.Build.0 = Debug|Any CPU
		{5E69F79F-21CC-4770-8061-91692425413F}.Release|Any CPU.ActiveCfg = Release|Any CPU
		{5E69F79F-21CC-4770-8061-91692425413F}.Release|Any CPU.Build.0 = Release|Any CPU
		{F142D7A7-59F4-48FD-8BD1-2E407D19CDF8}.Debug|Any CPU.ActiveCfg = Debug|Any CPU
		{F142D7A7-59F4-48FD-8BD1-2E407D19CDF8}.Debug|Any CPU.Build.0 = Debug|Any CPU
		{F142D7A7-59F4-48FD-8BD1-2E407D19CDF8}.Release|Any CPU.ActiveCfg = Release|Any CPU
		{F142D7A7-59F4-48FD-8BD1-2E407D19CDF8}.Release|Any CPU.Build.0 = Release|Any CPU
		{45321160-9F47-4BE3-9BA9-C024963A9291}.Debug|Any CPU.ActiveCfg = Debug|Any CPU
		{45321160-9F47-4BE3-9BA9-C024963A9291}.Debug|Any CPU.Build.0 = Debug|Any CPU
		{45321160-9F47-4BE3-9BA9-C024963A9291}.Release|Any CPU.ActiveCfg = Release|Any CPU
		{45321160-9F47-4BE3-9BA9-C024963A9291}.Release|Any CPU.Build.0 = Release|Any CPU
		{9D552172-8ED5-4DB3-B8E9-94AE8277AE8B}.Debug|Any CPU.ActiveCfg = Debug|Any CPU
		{9D552172-8ED5-4DB3-B8E9-94AE8277AE8B}.Debug|Any CPU.Build.0 = Debug|Any CPU
		{9D552172-8ED5-4DB3-B8E9-94AE8277AE8B}.Release|Any CPU.ActiveCfg = Release|Any CPU
		{9D552172-8ED5-4DB3-B8E9-94AE8277AE8B}.Release|Any CPU.Build.0 = Release|Any CPU
		{E5102A69-AA59-4748-9C61-727657A24EE5}.Debug|Any CPU.ActiveCfg = Debug|Any CPU
		{E5102A69-AA59-4748-9C61-727657A24EE5}.Debug|Any CPU.Build.0 = Debug|Any CPU
		{E5102A69-AA59-4748-9C61-727657A24EE5}.Release|Any CPU.ActiveCfg = Release|Any CPU
		{E5102A69-AA59-4748-9C61-727657A24EE5}.Release|Any CPU.Build.0 = Release|Any CPU
		{C6359E03-EC89-4A1C-AFD8-B6F1D62EC337}.Debug|Any CPU.ActiveCfg = Debug|Any CPU
		{C6359E03-EC89-4A1C-AFD8-B6F1D62EC337}.Debug|Any CPU.Build.0 = Debug|Any CPU
		{C6359E03-EC89-4A1C-AFD8-B6F1D62EC337}.Release|Any CPU.ActiveCfg = Release|Any CPU
		{C6359E03-EC89-4A1C-AFD8-B6F1D62EC337}.Release|Any CPU.Build.0 = Release|Any CPU
		{0A83CD2A-A921-4756-93D1-CD5C50CA15FC}.Debug|Any CPU.ActiveCfg = Debug|Any CPU
		{0A83CD2A-A921-4756-93D1-CD5C50CA15FC}.Debug|Any CPU.Build.0 = Debug|Any CPU
		{0A83CD2A-A921-4756-93D1-CD5C50CA15FC}.Release|Any CPU.ActiveCfg = Release|Any CPU
		{0A83CD2A-A921-4756-93D1-CD5C50CA15FC}.Release|Any CPU.Build.0 = Release|Any CPU
		{DE072CD5-44B4-4A74-8D3A-30BBEA5CBC2A}.Debug|Any CPU.ActiveCfg = Debug|Any CPU
		{DE072CD5-44B4-4A74-8D3A-30BBEA5CBC2A}.Debug|Any CPU.Build.0 = Debug|Any CPU
		{DE072CD5-44B4-4A74-8D3A-30BBEA5CBC2A}.Release|Any CPU.ActiveCfg = Release|Any CPU
		{DE072CD5-44B4-4A74-8D3A-30BBEA5CBC2A}.Release|Any CPU.Build.0 = Release|Any CPU
		{E0414D88-D4CE-4151-8BE0-8A9942542946}.Debug|Any CPU.ActiveCfg = Debug|Any CPU
		{E0414D88-D4CE-4151-8BE0-8A9942542946}.Debug|Any CPU.Build.0 = Debug|Any CPU
		{E0414D88-D4CE-4151-8BE0-8A9942542946}.Release|Any CPU.ActiveCfg = Release|Any CPU
		{E0414D88-D4CE-4151-8BE0-8A9942542946}.Release|Any CPU.Build.0 = Release|Any CPU
		{C4E355C8-4276-4DEA-8104-D5E057BEEF12}.Debug|Any CPU.ActiveCfg = Debug|Any CPU
		{C4E355C8-4276-4DEA-8104-D5E057BEEF12}.Debug|Any CPU.Build.0 = Debug|Any CPU
		{C4E355C8-4276-4DEA-8104-D5E057BEEF12}.Release|Any CPU.ActiveCfg = Release|Any CPU
		{C4E355C8-4276-4DEA-8104-D5E057BEEF12}.Release|Any CPU.Build.0 = Release|Any CPU
		{2F70BCF9-1A51-46A4-BFB2-A91218D16A69}.Debug|Any CPU.ActiveCfg = Debug|Any CPU
		{2F70BCF9-1A51-46A4-BFB2-A91218D16A69}.Debug|Any CPU.Build.0 = Debug|Any CPU
		{2F70BCF9-1A51-46A4-BFB2-A91218D16A69}.Release|Any CPU.ActiveCfg = Release|Any CPU
		{2F70BCF9-1A51-46A4-BFB2-A91218D16A69}.Release|Any CPU.Build.0 = Release|Any CPU
		{CD4BFE25-AF45-4F15-BB0C-19123AE3F289}.Debug|Any CPU.ActiveCfg = Debug|Any CPU
		{CD4BFE25-AF45-4F15-BB0C-19123AE3F289}.Debug|Any CPU.Build.0 = Debug|Any CPU
		{CD4BFE25-AF45-4F15-BB0C-19123AE3F289}.Release|Any CPU.ActiveCfg = Release|Any CPU
		{CD4BFE25-AF45-4F15-BB0C-19123AE3F289}.Release|Any CPU.Build.0 = Release|Any CPU
		{95114A49-A5B3-4137-8E61-7D1650B2535B}.Debug|Any CPU.ActiveCfg = Debug|Any CPU
		{95114A49-A5B3-4137-8E61-7D1650B2535B}.Debug|Any CPU.Build.0 = Debug|Any CPU
		{95114A49-A5B3-4137-8E61-7D1650B2535B}.Release|Any CPU.ActiveCfg = Release|Any CPU
		{95114A49-A5B3-4137-8E61-7D1650B2535B}.Release|Any CPU.Build.0 = Release|Any CPU
		{4B003F24-EF03-427E-8571-F561E9C37CC5}.Debug|Any CPU.ActiveCfg = Debug|Any CPU
		{4B003F24-EF03-427E-8571-F561E9C37CC5}.Debug|Any CPU.Build.0 = Debug|Any CPU
		{4B003F24-EF03-427E-8571-F561E9C37CC5}.Release|Any CPU.ActiveCfg = Release|Any CPU
		{4B003F24-EF03-427E-8571-F561E9C37CC5}.Release|Any CPU.Build.0 = Release|Any CPU
		{B2519F12-A13F-47EE-A4BD-27CC5C3FE3E3}.Debug|Any CPU.ActiveCfg = Debug|Any CPU
		{B2519F12-A13F-47EE-A4BD-27CC5C3FE3E3}.Debug|Any CPU.Build.0 = Debug|Any CPU
		{B2519F12-A13F-47EE-A4BD-27CC5C3FE3E3}.Release|Any CPU.ActiveCfg = Release|Any CPU
		{B2519F12-A13F-47EE-A4BD-27CC5C3FE3E3}.Release|Any CPU.Build.0 = Release|Any CPU
		{208409CE-6F17-4ADC-8933-7370F430A424}.Debug|Any CPU.ActiveCfg = Debug|Any CPU
		{208409CE-6F17-4ADC-8933-7370F430A424}.Debug|Any CPU.Build.0 = Debug|Any CPU
		{208409CE-6F17-4ADC-8933-7370F430A424}.Release|Any CPU.ActiveCfg = Release|Any CPU
		{208409CE-6F17-4ADC-8933-7370F430A424}.Release|Any CPU.Build.0 = Release|Any CPU
		{4F38E349-5606-4C7D-80B3-E6F0EB713A16}.Debug|Any CPU.ActiveCfg = Debug|Any CPU
		{4F38E349-5606-4C7D-80B3-E6F0EB713A16}.Debug|Any CPU.Build.0 = Debug|Any CPU
		{4F38E349-5606-4C7D-80B3-E6F0EB713A16}.Release|Any CPU.ActiveCfg = Release|Any CPU
		{4F38E349-5606-4C7D-80B3-E6F0EB713A16}.Release|Any CPU.Build.0 = Release|Any CPU
		{4485F630-736C-45DA-8535-51B83BC0CD01}.Debug|Any CPU.ActiveCfg = Debug|Any CPU
		{4485F630-736C-45DA-8535-51B83BC0CD01}.Debug|Any CPU.Build.0 = Debug|Any CPU
		{4485F630-736C-45DA-8535-51B83BC0CD01}.Release|Any CPU.ActiveCfg = Release|Any CPU
		{4485F630-736C-45DA-8535-51B83BC0CD01}.Release|Any CPU.Build.0 = Release|Any CPU
		{936AD431-D492-41A6-965F-A3A4B9411D3F}.Debug|Any CPU.ActiveCfg = Debug|Any CPU
		{936AD431-D492-41A6-965F-A3A4B9411D3F}.Debug|Any CPU.Build.0 = Debug|Any CPU
		{936AD431-D492-41A6-965F-A3A4B9411D3F}.Release|Any CPU.ActiveCfg = Release|Any CPU
		{936AD431-D492-41A6-965F-A3A4B9411D3F}.Release|Any CPU.Build.0 = Release|Any CPU
		{DF080FC0-84D0-4395-93A6-DBDD99301004}.Debug|Any CPU.ActiveCfg = Debug|Any CPU
		{DF080FC0-84D0-4395-93A6-DBDD99301004}.Debug|Any CPU.Build.0 = Debug|Any CPU
		{DF080FC0-84D0-4395-93A6-DBDD99301004}.Release|Any CPU.ActiveCfg = Release|Any CPU
		{DF080FC0-84D0-4395-93A6-DBDD99301004}.Release|Any CPU.Build.0 = Release|Any CPU
		{6A7C50A7-6731-40BD-9C1E-9A20E26CBC29}.Debug|Any CPU.ActiveCfg = Debug|Any CPU
		{6A7C50A7-6731-40BD-9C1E-9A20E26CBC29}.Debug|Any CPU.Build.0 = Debug|Any CPU
		{6A7C50A7-6731-40BD-9C1E-9A20E26CBC29}.Release|Any CPU.ActiveCfg = Release|Any CPU
		{6A7C50A7-6731-40BD-9C1E-9A20E26CBC29}.Release|Any CPU.Build.0 = Release|Any CPU
		{18DBEF19-5B3B-4A87-AB61-4E9C6457ECD3}.Debug|Any CPU.ActiveCfg = Debug|Any CPU
		{18DBEF19-5B3B-4A87-AB61-4E9C6457ECD3}.Debug|Any CPU.Build.0 = Debug|Any CPU
		{18DBEF19-5B3B-4A87-AB61-4E9C6457ECD3}.Release|Any CPU.ActiveCfg = Release|Any CPU
		{18DBEF19-5B3B-4A87-AB61-4E9C6457ECD3}.Release|Any CPU.Build.0 = Release|Any CPU
		{257F9428-1036-4F65-BBCF-DC53BD8D1E4A}.Debug|Any CPU.ActiveCfg = Debug|Any CPU
		{257F9428-1036-4F65-BBCF-DC53BD8D1E4A}.Debug|Any CPU.Build.0 = Debug|Any CPU
		{257F9428-1036-4F65-BBCF-DC53BD8D1E4A}.Release|Any CPU.ActiveCfg = Release|Any CPU
		{257F9428-1036-4F65-BBCF-DC53BD8D1E4A}.Release|Any CPU.Build.0 = Release|Any CPU
		{FC4257D9-87F4-4AA7-814D-46323ADB6571}.Debug|Any CPU.ActiveCfg = Debug|Any CPU
		{FC4257D9-87F4-4AA7-814D-46323ADB6571}.Debug|Any CPU.Build.0 = Debug|Any CPU
		{FC4257D9-87F4-4AA7-814D-46323ADB6571}.Release|Any CPU.ActiveCfg = Release|Any CPU
		{FC4257D9-87F4-4AA7-814D-46323ADB6571}.Release|Any CPU.Build.0 = Release|Any CPU
		{EF0435F0-EFFF-4A65-BAAC-0EC34C6ED99E}.Debug|Any CPU.ActiveCfg = Debug|Any CPU
		{EF0435F0-EFFF-4A65-BAAC-0EC34C6ED99E}.Debug|Any CPU.Build.0 = Debug|Any CPU
		{EF0435F0-EFFF-4A65-BAAC-0EC34C6ED99E}.Release|Any CPU.ActiveCfg = Release|Any CPU
		{EF0435F0-EFFF-4A65-BAAC-0EC34C6ED99E}.Release|Any CPU.Build.0 = Release|Any CPU
		{F2D31F35-8F91-4955-BFAB-C73894D1DBD9}.Debug|Any CPU.ActiveCfg = Debug|Any CPU
		{F2D31F35-8F91-4955-BFAB-C73894D1DBD9}.Debug|Any CPU.Build.0 = Debug|Any CPU
		{F2D31F35-8F91-4955-BFAB-C73894D1DBD9}.Release|Any CPU.ActiveCfg = Release|Any CPU
		{F2D31F35-8F91-4955-BFAB-C73894D1DBD9}.Release|Any CPU.Build.0 = Release|Any CPU
		{5402FA15-0503-4830-AAB3-859FE408CF42}.Debug|Any CPU.ActiveCfg = Debug|Any CPU
		{5402FA15-0503-4830-AAB3-859FE408CF42}.Debug|Any CPU.Build.0 = Debug|Any CPU
		{5402FA15-0503-4830-AAB3-859FE408CF42}.Release|Any CPU.ActiveCfg = Release|Any CPU
		{5402FA15-0503-4830-AAB3-859FE408CF42}.Release|Any CPU.Build.0 = Release|Any CPU
		{0FABB31D-D789-4686-B7FD-323CC431CEC0}.Debug|Any CPU.ActiveCfg = Debug|Any CPU
		{0FABB31D-D789-4686-B7FD-323CC431CEC0}.Debug|Any CPU.Build.0 = Debug|Any CPU
		{0FABB31D-D789-4686-B7FD-323CC431CEC0}.Release|Any CPU.ActiveCfg = Release|Any CPU
		{0FABB31D-D789-4686-B7FD-323CC431CEC0}.Release|Any CPU.Build.0 = Release|Any CPU
	EndGlobalSection
	GlobalSection(SolutionProperties) = preSolution
		HideSolutionNode = FALSE
	EndGlobalSection
	GlobalSection(ExtensibilityGlobals) = postSolution
		SolutionGuid = {A386D1A9-159B-4E98-94B5-50BAB6CF8678}
	EndGlobalSection
EndGlobal
