
Microsoft Visual Studio Solution File, Format Version 12.00
# Visual Studio Version 17
VisualStudioVersion = 17.2.32630.192
MinimumVisualStudioVersion = 10.0.40219.1
Project("{9A19103F-16F7-4668-BE54-9A1E7A4F7556}") = "R5T.L0058", "R5T.L0058\R5T.L0058.csproj", "{DCC153A7-BBCD-4DFC-8FED-43996045A884}"
EndProject
Project("{2150E333-8FDC-42A3-9474-1A3956D46DE8}") = "_Dependencies", "_Dependencies", "{EC7E1C8D-CA07-49D8-8C60-0A797CC612FC}"
EndProject
Project("{9A19103F-16F7-4668-BE54-9A1E7A4F7556}") = "R5T.F0000", "..\..\R5T.F0000\source\R5T.F0000\R5T.F0000.csproj", "{355F83C0-5D44-43E0-8E38-3BB877BF4101}"
EndProject
Project("{9A19103F-16F7-4668-BE54-9A1E7A4F7556}") = "R5T.F0002", "..\..\R5T.F0002\source\R5T.F0002\R5T.F0002.csproj", "{12E1C210-8731-4E5D-A314-93EC67500751}"
EndProject
Project("{9A19103F-16F7-4668-BE54-9A1E7A4F7556}") = "R5T.F0033.Platform", "..\..\R5T.F0033\source\R5T.F0033.Platform\R5T.F0033.Platform.csproj", "{31D38821-D51C-43CA-A057-1DA5809A503D}"
EndProject
Project("{9A19103F-16F7-4668-BE54-9A1E7A4F7556}") = "R5T.F0033", "..\..\R5T.F0033\source\R5T.F0033\R5T.F0033.csproj", "{A3395638-9065-4A11-9CB4-D13E1EF1147D}"
EndProject
Project("{9A19103F-16F7-4668-BE54-9A1E7A4F7556}") = "R5T.F0034", "..\..\R5T.F0034\source\R5T.F0034\R5T.F0034.csproj", "{86075BB7-D05A-416A-8BD1-368A98894A34}"
EndProject
Project("{9A19103F-16F7-4668-BE54-9A1E7A4F7556}") = "R5T.F0035.F001", "..\..\R5T.F0035\source\R5T.F0035.F001\R5T.F0035.F001.csproj", "{D32A13D0-4010-4BF2-BA13-DE9DF95F5A43}"
EndProject
Project("{9A19103F-16F7-4668-BE54-9A1E7A4F7556}") = "R5T.F0059", "..\..\R5T.F0059\source\R5T.F0059\R5T.F0059.csproj", "{DF5C4C16-C888-41FC-8839-89047761FDAB}"
EndProject
Project("{9A19103F-16F7-4668-BE54-9A1E7A4F7556}") = "R5T.L0053", "..\..\R5T.L0053\source\R5T.L0053\R5T.L0053.csproj", "{C18D3F5F-0505-47E9-8A85-E2B0C609C771}"
EndProject
Project("{9A19103F-16F7-4668-BE54-9A1E7A4F7556}") = "R5T.L0055", "..\..\R5T.L0055\source\R5T.L0055\R5T.L0055.csproj", "{098DAB6B-67C2-4B61-9576-FDF79FEEEFE0}"
EndProject
Project("{9A19103F-16F7-4668-BE54-9A1E7A4F7556}") = "R5T.L0056", "..\..\R5T.L0056\source\R5T.L0056\R5T.L0056.csproj", "{4F1AD04E-3643-4140-B4F3-32AA52378551}"
EndProject
Project("{9A19103F-16F7-4668-BE54-9A1E7A4F7556}") = "R5T.L0057", "..\..\R5T.L0057\source\R5T.L0057\R5T.L0057.csproj", "{44E07186-B82C-43F3-9738-02AB4B29B561}"
EndProject
Project("{9A19103F-16F7-4668-BE54-9A1E7A4F7556}") = "R5T.NG0002", "..\..\R5T.NG0002\source\R5T.NG0002\R5T.NG0002.csproj", "{1D9BDD89-A6EF-46D9-B775-E9752688459F}"
EndProject
Project("{9A19103F-16F7-4668-BE54-9A1E7A4F7556}") = "R5T.NG0006", "..\..\R5T.NG0006\source\R5T.NG0006\R5T.NG0006.csproj", "{C53FD3F2-724C-40F4-8D8D-E2FC588739C6}"
EndProject
Project("{9A19103F-16F7-4668-BE54-9A1E7A4F7556}") = "R5T.NG0007", "..\..\R5T.NG0007\source\R5T.NG0007\R5T.NG0007.csproj", "{6503F097-962E-4C88-A4EB-3491FC821D32}"
EndProject
Project("{9A19103F-16F7-4668-BE54-9A1E7A4F7556}") = "R5T.T0131", "..\..\R5T.T0131\source\R5T.T0131\R5T.T0131.csproj", "{65B840F7-9B03-42D6-B5B3-59BE28BA3E1F}"
EndProject
Project("{9A19103F-16F7-4668-BE54-9A1E7A4F7556}") = "R5T.T0132", "..\..\R5T.T0132\source\R5T.T0132\R5T.T0132.csproj", "{D99DAD69-FA90-4F83-AC90-D4A7FFC79CDB}"
EndProject
Project("{9A19103F-16F7-4668-BE54-9A1E7A4F7556}") = "R5T.T0141", "..\..\R5T.T0141\source\R5T.T0141\R5T.T0141.csproj", "{12E5CB73-22B8-4E28-B611-9E4AB5D23476}"
EndProject
Project("{9A19103F-16F7-4668-BE54-9A1E7A4F7556}") = "R5T.T0142", "..\..\R5T.T0142\source\R5T.T0142\R5T.T0142.csproj", "{70A31241-9763-420E-BEE7-A4BAEBE730F1}"
EndProject
Project("{9A19103F-16F7-4668-BE54-9A1E7A4F7556}") = "R5T.T0143", "..\..\R5T.T0143\source\R5T.T0143\R5T.T0143.csproj", "{86D17B58-89C6-43B5-96A6-DF4EEA96A2EE}"
EndProject
Project("{9A19103F-16F7-4668-BE54-9A1E7A4F7556}") = "R5T.T0148", "..\..\R5T.T0148\source\R5T.T0148\R5T.T0148.csproj", "{E302F8EC-8131-4BA9-8102-1EACB3A48F6D}"
EndProject
Project("{9A19103F-16F7-4668-BE54-9A1E7A4F7556}") = "R5T.T0156", "..\..\R5T.T0156\source\R5T.T0156\R5T.T0156.csproj", "{28572E03-B7A0-4B6B-9441-D53B1412D087}"
EndProject
Project("{9A19103F-16F7-4668-BE54-9A1E7A4F7556}") = "R5T.T0158.F000", "..\..\R5T.T0158\source\R5T.T0158.F000\R5T.T0158.F000.csproj", "{15ABE339-73FD-406A-818E-AB11B034A8B3}"
EndProject
Project("{9A19103F-16F7-4668-BE54-9A1E7A4F7556}") = "R5T.T0158.T000", "..\..\R5T.T0158\source\R5T.T0158.T000\R5T.T0158.T000.csproj", "{371F34DD-B04B-4D03-9CE5-E71678A5AA78}"
EndProject
Project("{9A19103F-16F7-4668-BE54-9A1E7A4F7556}") = "R5T.T0158", "..\..\R5T.T0158\source\R5T.T0158\R5T.T0158.csproj", "{88440F03-1FDE-4677-95BE-5C495E8B3F1D}"
EndProject
Project("{9A19103F-16F7-4668-BE54-9A1E7A4F7556}") = "R5T.T0159.F000", "..\..\R5T.T0159\source\R5T.T0159.F000\R5T.T0159.F000.csproj", "{82D61A4D-886C-4084-AE4F-4BDB4A9099A4}"
EndProject
Project("{9A19103F-16F7-4668-BE54-9A1E7A4F7556}") = "R5T.T0159", "..\..\R5T.T0159\source\R5T.T0159\R5T.T0159.csproj", "{945ECADD-A88C-4B99-81D6-B89A335993B3}"
EndProject
Project("{9A19103F-16F7-4668-BE54-9A1E7A4F7556}") = "R5T.T0178", "..\..\R5T.T0178\source\R5T.T0178\R5T.T0178.csproj", "{7513AD94-BECA-45F3-9BDD-3005590F72B4}"
EndProject
Project("{9A19103F-16F7-4668-BE54-9A1E7A4F7556}") = "R5T.T0179", "..\..\R5T.T0179\source\R5T.T0179\R5T.T0179.csproj", "{7AA477D8-4510-41F5-8FA7-EC6B138E6928}"
EndProject
Project("{9A19103F-16F7-4668-BE54-9A1E7A4F7556}") = "R5T.T0180", "..\..\R5T.T0180\source\R5T.T0180\R5T.T0180.csproj", "{79B0068A-22AB-4527-8CCF-7593FEE4E91C}"
EndProject
Project("{9A19103F-16F7-4668-BE54-9A1E7A4F7556}") = "R5T.T0181", "..\..\R5T.T0181\source\R5T.T0181\R5T.T0181.csproj", "{065AAB7E-5553-4848-BADF-5C25BDC0F0CB}"
EndProject
Project("{9A19103F-16F7-4668-BE54-9A1E7A4F7556}") = "R5T.T0199", "..\..\R5T.T0199\source\R5T.T0199\R5T.T0199.csproj", "{9647771E-AAB3-4A40-ADAC-C95E92E16EF6}"
EndProject
Project("{9A19103F-16F7-4668-BE54-9A1E7A4F7556}") = "R5T.Y0000", "..\..\R5T.Y0000\source\R5T.Y0000\R5T.Y0000.csproj", "{5861122C-6ED8-4E68-A2AC-000234278B79}"
EndProject
Project("{9A19103F-16F7-4668-BE54-9A1E7A4F7556}") = "R5T.Z0000", "..\..\R5T.Z0000\source\R5T.Z0000\R5T.Z0000.csproj", "{DC68609C-64DB-4E56-8D3B-B94CEFEBCF5D}"
EndProject
Project("{9A19103F-16F7-4668-BE54-9A1E7A4F7556}") = "R5T.Z0010.Platform", "..\..\R5T.Z0010\source\R5T.Z0010.Platform\R5T.Z0010.Platform.csproj", "{80FB763E-EE00-4312-9B16-850019780B3E}"
EndProject
Project("{9A19103F-16F7-4668-BE54-9A1E7A4F7556}") = "R5T.Z0010", "..\..\R5T.Z0010\source\R5T.Z0010\R5T.Z0010.csproj", "{1CBDE79C-8987-48CB-90FE-59B307D008FD}"
EndProject
Project("{9A19103F-16F7-4668-BE54-9A1E7A4F7556}") = "R5T.Z0063.Platform", "..\..\R5T.Z0063\source\R5T.Z0063.Platform\R5T.Z0063.Platform.csproj", "{6C62C774-2952-4C3F-B1E7-B8BD9680CEC0}"
EndProject
Project("{9A19103F-16F7-4668-BE54-9A1E7A4F7556}") = "R5T.Z0063", "..\..\R5T.Z0063\source\R5T.Z0063\R5T.Z0063.csproj", "{0A4A7056-728A-4C1E-897E-525F10FEC7DC}"
EndProject
Global
	GlobalSection(NestedProjects) = preSolution
		{355F83C0-5D44-43E0-8E38-3BB877BF4101} = {EC7E1C8D-CA07-49D8-8C60-0A797CC612FC}
		{12E1C210-8731-4E5D-A314-93EC67500751} = {EC7E1C8D-CA07-49D8-8C60-0A797CC612FC}
		{31D38821-D51C-43CA-A057-1DA5809A503D} = {EC7E1C8D-CA07-49D8-8C60-0A797CC612FC}
		{A3395638-9065-4A11-9CB4-D13E1EF1147D} = {EC7E1C8D-CA07-49D8-8C60-0A797CC612FC}
		{86075BB7-D05A-416A-8BD1-368A98894A34} = {EC7E1C8D-CA07-49D8-8C60-0A797CC612FC}
		{D32A13D0-4010-4BF2-BA13-DE9DF95F5A43} = {EC7E1C8D-CA07-49D8-8C60-0A797CC612FC}
		{DF5C4C16-C888-41FC-8839-89047761FDAB} = {EC7E1C8D-CA07-49D8-8C60-0A797CC612FC}
		{C18D3F5F-0505-47E9-8A85-E2B0C609C771} = {EC7E1C8D-CA07-49D8-8C60-0A797CC612FC}
		{098DAB6B-67C2-4B61-9576-FDF79FEEEFE0} = {EC7E1C8D-CA07-49D8-8C60-0A797CC612FC}
		{4F1AD04E-3643-4140-B4F3-32AA52378551} = {EC7E1C8D-CA07-49D8-8C60-0A797CC612FC}
		{44E07186-B82C-43F3-9738-02AB4B29B561} = {EC7E1C8D-CA07-49D8-8C60-0A797CC612FC}
		{1D9BDD89-A6EF-46D9-B775-E9752688459F} = {EC7E1C8D-CA07-49D8-8C60-0A797CC612FC}
		{C53FD3F2-724C-40F4-8D8D-E2FC588739C6} = {EC7E1C8D-CA07-49D8-8C60-0A797CC612FC}
		{6503F097-962E-4C88-A4EB-3491FC821D32} = {EC7E1C8D-CA07-49D8-8C60-0A797CC612FC}
		{65B840F7-9B03-42D6-B5B3-59BE28BA3E1F} = {EC7E1C8D-CA07-49D8-8C60-0A797CC612FC}
		{D99DAD69-FA90-4F83-AC90-D4A7FFC79CDB} = {EC7E1C8D-CA07-49D8-8C60-0A797CC612FC}
		{12E5CB73-22B8-4E28-B611-9E4AB5D23476} = {EC7E1C8D-CA07-49D8-8C60-0A797CC612FC}
		{70A31241-9763-420E-BEE7-A4BAEBE730F1} = {EC7E1C8D-CA07-49D8-8C60-0A797CC612FC}
		{86D17B58-89C6-43B5-96A6-DF4EEA96A2EE} = {EC7E1C8D-CA07-49D8-8C60-0A797CC612FC}
		{E302F8EC-8131-4BA9-8102-1EACB3A48F6D} = {EC7E1C8D-CA07-49D8-8C60-0A797CC612FC}
		{28572E03-B7A0-4B6B-9441-D53B1412D087} = {EC7E1C8D-CA07-49D8-8C60-0A797CC612FC}
		{15ABE339-73FD-406A-818E-AB11B034A8B3} = {EC7E1C8D-CA07-49D8-8C60-0A797CC612FC}
		{371F34DD-B04B-4D03-9CE5-E71678A5AA78} = {EC7E1C8D-CA07-49D8-8C60-0A797CC612FC}
		{88440F03-1FDE-4677-95BE-5C495E8B3F1D} = {EC7E1C8D-CA07-49D8-8C60-0A797CC612FC}
		{82D61A4D-886C-4084-AE4F-4BDB4A9099A4} = {EC7E1C8D-CA07-49D8-8C60-0A797CC612FC}
		{945ECADD-A88C-4B99-81D6-B89A335993B3} = {EC7E1C8D-CA07-49D8-8C60-0A797CC612FC}
		{7513AD94-BECA-45F3-9BDD-3005590F72B4} = {EC7E1C8D-CA07-49D8-8C60-0A797CC612FC}
		{7AA477D8-4510-41F5-8FA7-EC6B138E6928} = {EC7E1C8D-CA07-49D8-8C60-0A797CC612FC}
		{79B0068A-22AB-4527-8CCF-7593FEE4E91C} = {EC7E1C8D-CA07-49D8-8C60-0A797CC612FC}
		{065AAB7E-5553-4848-BADF-5C25BDC0F0CB} = {EC7E1C8D-CA07-49D8-8C60-0A797CC612FC}
		{9647771E-AAB3-4A40-ADAC-C95E92E16EF6} = {EC7E1C8D-CA07-49D8-8C60-0A797CC612FC}
		{5861122C-6ED8-4E68-A2AC-000234278B79} = {EC7E1C8D-CA07-49D8-8C60-0A797CC612FC}
		{DC68609C-64DB-4E56-8D3B-B94CEFEBCF5D} = {EC7E1C8D-CA07-49D8-8C60-0A797CC612FC}
		{80FB763E-EE00-4312-9B16-850019780B3E} = {EC7E1C8D-CA07-49D8-8C60-0A797CC612FC}
		{1CBDE79C-8987-48CB-90FE-59B307D008FD} = {EC7E1C8D-CA07-49D8-8C60-0A797CC612FC}
		{6C62C774-2952-4C3F-B1E7-B8BD9680CEC0} = {EC7E1C8D-CA07-49D8-8C60-0A797CC612FC}
		{0A4A7056-728A-4C1E-897E-525F10FEC7DC} = {EC7E1C8D-CA07-49D8-8C60-0A797CC612FC}
	EndGlobalSection
	GlobalSection(SolutionConfigurationPlatforms) = preSolution
		Debug|Any CPU = Debug|Any CPU
		Release|Any CPU = Release|Any CPU
	EndGlobalSection
	GlobalSection(ProjectConfigurationPlatforms) = postSolution
		{DCC153A7-BBCD-4DFC-8FED-43996045A884}.Debug|Any CPU.ActiveCfg = Debug|Any CPU
		{DCC153A7-BBCD-4DFC-8FED-43996045A884}.Debug|Any CPU.Build.0 = Debug|Any CPU
		{DCC153A7-BBCD-4DFC-8FED-43996045A884}.Release|Any CPU.ActiveCfg = Release|Any CPU
		{DCC153A7-BBCD-4DFC-8FED-43996045A884}.Release|Any CPU.Build.0 = Release|Any CPU
		{355F83C0-5D44-43E0-8E38-3BB877BF4101}.Debug|Any CPU.ActiveCfg = Debug|Any CPU
		{355F83C0-5D44-43E0-8E38-3BB877BF4101}.Debug|Any CPU.Build.0 = Debug|Any CPU
		{355F83C0-5D44-43E0-8E38-3BB877BF4101}.Release|Any CPU.ActiveCfg = Release|Any CPU
		{355F83C0-5D44-43E0-8E38-3BB877BF4101}.Release|Any CPU.Build.0 = Release|Any CPU
		{12E1C210-8731-4E5D-A314-93EC67500751}.Debug|Any CPU.ActiveCfg = Debug|Any CPU
		{12E1C210-8731-4E5D-A314-93EC67500751}.Debug|Any CPU.Build.0 = Debug|Any CPU
		{12E1C210-8731-4E5D-A314-93EC67500751}.Release|Any CPU.ActiveCfg = Release|Any CPU
		{12E1C210-8731-4E5D-A314-93EC67500751}.Release|Any CPU.Build.0 = Release|Any CPU
		{31D38821-D51C-43CA-A057-1DA5809A503D}.Debug|Any CPU.ActiveCfg = Debug|Any CPU
		{31D38821-D51C-43CA-A057-1DA5809A503D}.Debug|Any CPU.Build.0 = Debug|Any CPU
		{31D38821-D51C-43CA-A057-1DA5809A503D}.Release|Any CPU.ActiveCfg = Release|Any CPU
		{31D38821-D51C-43CA-A057-1DA5809A503D}.Release|Any CPU.Build.0 = Release|Any CPU
		{A3395638-9065-4A11-9CB4-D13E1EF1147D}.Debug|Any CPU.ActiveCfg = Debug|Any CPU
		{A3395638-9065-4A11-9CB4-D13E1EF1147D}.Debug|Any CPU.Build.0 = Debug|Any CPU
		{A3395638-9065-4A11-9CB4-D13E1EF1147D}.Release|Any CPU.ActiveCfg = Release|Any CPU
		{A3395638-9065-4A11-9CB4-D13E1EF1147D}.Release|Any CPU.Build.0 = Release|Any CPU
		{86075BB7-D05A-416A-8BD1-368A98894A34}.Debug|Any CPU.ActiveCfg = Debug|Any CPU
		{86075BB7-D05A-416A-8BD1-368A98894A34}.Debug|Any CPU.Build.0 = Debug|Any CPU
		{86075BB7-D05A-416A-8BD1-368A98894A34}.Release|Any CPU.ActiveCfg = Release|Any CPU
		{86075BB7-D05A-416A-8BD1-368A98894A34}.Release|Any CPU.Build.0 = Release|Any CPU
		{D32A13D0-4010-4BF2-BA13-DE9DF95F5A43}.Debug|Any CPU.ActiveCfg = Debug|Any CPU
		{D32A13D0-4010-4BF2-BA13-DE9DF95F5A43}.Debug|Any CPU.Build.0 = Debug|Any CPU
		{D32A13D0-4010-4BF2-BA13-DE9DF95F5A43}.Release|Any CPU.ActiveCfg = Release|Any CPU
		{D32A13D0-4010-4BF2-BA13-DE9DF95F5A43}.Release|Any CPU.Build.0 = Release|Any CPU
		{DF5C4C16-C888-41FC-8839-89047761FDAB}.Debug|Any CPU.ActiveCfg = Debug|Any CPU
		{DF5C4C16-C888-41FC-8839-89047761FDAB}.Debug|Any CPU.Build.0 = Debug|Any CPU
		{DF5C4C16-C888-41FC-8839-89047761FDAB}.Release|Any CPU.ActiveCfg = Release|Any CPU
		{DF5C4C16-C888-41FC-8839-89047761FDAB}.Release|Any CPU.Build.0 = Release|Any CPU
		{C18D3F5F-0505-47E9-8A85-E2B0C609C771}.Debug|Any CPU.ActiveCfg = Debug|Any CPU
		{C18D3F5F-0505-47E9-8A85-E2B0C609C771}.Debug|Any CPU.Build.0 = Debug|Any CPU
		{C18D3F5F-0505-47E9-8A85-E2B0C609C771}.Release|Any CPU.ActiveCfg = Release|Any CPU
		{C18D3F5F-0505-47E9-8A85-E2B0C609C771}.Release|Any CPU.Build.0 = Release|Any CPU
		{098DAB6B-67C2-4B61-9576-FDF79FEEEFE0}.Debug|Any CPU.ActiveCfg = Debug|Any CPU
		{098DAB6B-67C2-4B61-9576-FDF79FEEEFE0}.Debug|Any CPU.Build.0 = Debug|Any CPU
		{098DAB6B-67C2-4B61-9576-FDF79FEEEFE0}.Release|Any CPU.ActiveCfg = Release|Any CPU
		{098DAB6B-67C2-4B61-9576-FDF79FEEEFE0}.Release|Any CPU.Build.0 = Release|Any CPU
		{4F1AD04E-3643-4140-B4F3-32AA52378551}.Debug|Any CPU.ActiveCfg = Debug|Any CPU
		{4F1AD04E-3643-4140-B4F3-32AA52378551}.Debug|Any CPU.Build.0 = Debug|Any CPU
		{4F1AD04E-3643-4140-B4F3-32AA52378551}.Release|Any CPU.ActiveCfg = Release|Any CPU
		{4F1AD04E-3643-4140-B4F3-32AA52378551}.Release|Any CPU.Build.0 = Release|Any CPU
		{44E07186-B82C-43F3-9738-02AB4B29B561}.Debug|Any CPU.ActiveCfg = Debug|Any CPU
		{44E07186-B82C-43F3-9738-02AB4B29B561}.Debug|Any CPU.Build.0 = Debug|Any CPU
		{44E07186-B82C-43F3-9738-02AB4B29B561}.Release|Any CPU.ActiveCfg = Release|Any CPU
		{44E07186-B82C-43F3-9738-02AB4B29B561}.Release|Any CPU.Build.0 = Release|Any CPU
		{1D9BDD89-A6EF-46D9-B775-E9752688459F}.Debug|Any CPU.ActiveCfg = Debug|Any CPU
		{1D9BDD89-A6EF-46D9-B775-E9752688459F}.Debug|Any CPU.Build.0 = Debug|Any CPU
		{1D9BDD89-A6EF-46D9-B775-E9752688459F}.Release|Any CPU.ActiveCfg = Release|Any CPU
		{1D9BDD89-A6EF-46D9-B775-E9752688459F}.Release|Any CPU.Build.0 = Release|Any CPU
		{C53FD3F2-724C-40F4-8D8D-E2FC588739C6}.Debug|Any CPU.ActiveCfg = Debug|Any CPU
		{C53FD3F2-724C-40F4-8D8D-E2FC588739C6}.Debug|Any CPU.Build.0 = Debug|Any CPU
		{C53FD3F2-724C-40F4-8D8D-E2FC588739C6}.Release|Any CPU.ActiveCfg = Release|Any CPU
		{C53FD3F2-724C-40F4-8D8D-E2FC588739C6}.Release|Any CPU.Build.0 = Release|Any CPU
		{6503F097-962E-4C88-A4EB-3491FC821D32}.Debug|Any CPU.ActiveCfg = Debug|Any CPU
		{6503F097-962E-4C88-A4EB-3491FC821D32}.Debug|Any CPU.Build.0 = Debug|Any CPU
		{6503F097-962E-4C88-A4EB-3491FC821D32}.Release|Any CPU.ActiveCfg = Release|Any CPU
		{6503F097-962E-4C88-A4EB-3491FC821D32}.Release|Any CPU.Build.0 = Release|Any CPU
		{65B840F7-9B03-42D6-B5B3-59BE28BA3E1F}.Debug|Any CPU.ActiveCfg = Debug|Any CPU
		{65B840F7-9B03-42D6-B5B3-59BE28BA3E1F}.Debug|Any CPU.Build.0 = Debug|Any CPU
		{65B840F7-9B03-42D6-B5B3-59BE28BA3E1F}.Release|Any CPU.ActiveCfg = Release|Any CPU
		{65B840F7-9B03-42D6-B5B3-59BE28BA3E1F}.Release|Any CPU.Build.0 = Release|Any CPU
		{D99DAD69-FA90-4F83-AC90-D4A7FFC79CDB}.Debug|Any CPU.ActiveCfg = Debug|Any CPU
		{D99DAD69-FA90-4F83-AC90-D4A7FFC79CDB}.Debug|Any CPU.Build.0 = Debug|Any CPU
		{D99DAD69-FA90-4F83-AC90-D4A7FFC79CDB}.Release|Any CPU.ActiveCfg = Release|Any CPU
		{D99DAD69-FA90-4F83-AC90-D4A7FFC79CDB}.Release|Any CPU.Build.0 = Release|Any CPU
		{12E5CB73-22B8-4E28-B611-9E4AB5D23476}.Debug|Any CPU.ActiveCfg = Debug|Any CPU
		{12E5CB73-22B8-4E28-B611-9E4AB5D23476}.Debug|Any CPU.Build.0 = Debug|Any CPU
		{12E5CB73-22B8-4E28-B611-9E4AB5D23476}.Release|Any CPU.ActiveCfg = Release|Any CPU
		{12E5CB73-22B8-4E28-B611-9E4AB5D23476}.Release|Any CPU.Build.0 = Release|Any CPU
		{70A31241-9763-420E-BEE7-A4BAEBE730F1}.Debug|Any CPU.ActiveCfg = Debug|Any CPU
		{70A31241-9763-420E-BEE7-A4BAEBE730F1}.Debug|Any CPU.Build.0 = Debug|Any CPU
		{70A31241-9763-420E-BEE7-A4BAEBE730F1}.Release|Any CPU.ActiveCfg = Release|Any CPU
		{70A31241-9763-420E-BEE7-A4BAEBE730F1}.Release|Any CPU.Build.0 = Release|Any CPU
		{86D17B58-89C6-43B5-96A6-DF4EEA96A2EE}.Debug|Any CPU.ActiveCfg = Debug|Any CPU
		{86D17B58-89C6-43B5-96A6-DF4EEA96A2EE}.Debug|Any CPU.Build.0 = Debug|Any CPU
		{86D17B58-89C6-43B5-96A6-DF4EEA96A2EE}.Release|Any CPU.ActiveCfg = Release|Any CPU
		{86D17B58-89C6-43B5-96A6-DF4EEA96A2EE}.Release|Any CPU.Build.0 = Release|Any CPU
		{E302F8EC-8131-4BA9-8102-1EACB3A48F6D}.Debug|Any CPU.ActiveCfg = Debug|Any CPU
		{E302F8EC-8131-4BA9-8102-1EACB3A48F6D}.Debug|Any CPU.Build.0 = Debug|Any CPU
		{E302F8EC-8131-4BA9-8102-1EACB3A48F6D}.Release|Any CPU.ActiveCfg = Release|Any CPU
		{E302F8EC-8131-4BA9-8102-1EACB3A48F6D}.Release|Any CPU.Build.0 = Release|Any CPU
		{28572E03-B7A0-4B6B-9441-D53B1412D087}.Debug|Any CPU.ActiveCfg = Debug|Any CPU
		{28572E03-B7A0-4B6B-9441-D53B1412D087}.Debug|Any CPU.Build.0 = Debug|Any CPU
		{28572E03-B7A0-4B6B-9441-D53B1412D087}.Release|Any CPU.ActiveCfg = Release|Any CPU
		{28572E03-B7A0-4B6B-9441-D53B1412D087}.Release|Any CPU.Build.0 = Release|Any CPU
		{15ABE339-73FD-406A-818E-AB11B034A8B3}.Debug|Any CPU.ActiveCfg = Debug|Any CPU
		{15ABE339-73FD-406A-818E-AB11B034A8B3}.Debug|Any CPU.Build.0 = Debug|Any CPU
		{15ABE339-73FD-406A-818E-AB11B034A8B3}.Release|Any CPU.ActiveCfg = Release|Any CPU
		{15ABE339-73FD-406A-818E-AB11B034A8B3}.Release|Any CPU.Build.0 = Release|Any CPU
		{371F34DD-B04B-4D03-9CE5-E71678A5AA78}.Debug|Any CPU.ActiveCfg = Debug|Any CPU
		{371F34DD-B04B-4D03-9CE5-E71678A5AA78}.Debug|Any CPU.Build.0 = Debug|Any CPU
		{371F34DD-B04B-4D03-9CE5-E71678A5AA78}.Release|Any CPU.ActiveCfg = Release|Any CPU
		{371F34DD-B04B-4D03-9CE5-E71678A5AA78}.Release|Any CPU.Build.0 = Release|Any CPU
		{88440F03-1FDE-4677-95BE-5C495E8B3F1D}.Debug|Any CPU.ActiveCfg = Debug|Any CPU
		{88440F03-1FDE-4677-95BE-5C495E8B3F1D}.Debug|Any CPU.Build.0 = Debug|Any CPU
		{88440F03-1FDE-4677-95BE-5C495E8B3F1D}.Release|Any CPU.ActiveCfg = Release|Any CPU
		{88440F03-1FDE-4677-95BE-5C495E8B3F1D}.Release|Any CPU.Build.0 = Release|Any CPU
		{82D61A4D-886C-4084-AE4F-4BDB4A9099A4}.Debug|Any CPU.ActiveCfg = Debug|Any CPU
		{82D61A4D-886C-4084-AE4F-4BDB4A9099A4}.Debug|Any CPU.Build.0 = Debug|Any CPU
		{82D61A4D-886C-4084-AE4F-4BDB4A9099A4}.Release|Any CPU.ActiveCfg = Release|Any CPU
		{82D61A4D-886C-4084-AE4F-4BDB4A9099A4}.Release|Any CPU.Build.0 = Release|Any CPU
		{945ECADD-A88C-4B99-81D6-B89A335993B3}.Debug|Any CPU.ActiveCfg = Debug|Any CPU
		{945ECADD-A88C-4B99-81D6-B89A335993B3}.Debug|Any CPU.Build.0 = Debug|Any CPU
		{945ECADD-A88C-4B99-81D6-B89A335993B3}.Release|Any CPU.ActiveCfg = Release|Any CPU
		{945ECADD-A88C-4B99-81D6-B89A335993B3}.Release|Any CPU.Build.0 = Release|Any CPU
		{7513AD94-BECA-45F3-9BDD-3005590F72B4}.Debug|Any CPU.ActiveCfg = Debug|Any CPU
		{7513AD94-BECA-45F3-9BDD-3005590F72B4}.Debug|Any CPU.Build.0 = Debug|Any CPU
		{7513AD94-BECA-45F3-9BDD-3005590F72B4}.Release|Any CPU.ActiveCfg = Release|Any CPU
		{7513AD94-BECA-45F3-9BDD-3005590F72B4}.Release|Any CPU.Build.0 = Release|Any CPU
		{7AA477D8-4510-41F5-8FA7-EC6B138E6928}.Debug|Any CPU.ActiveCfg = Debug|Any CPU
		{7AA477D8-4510-41F5-8FA7-EC6B138E6928}.Debug|Any CPU.Build.0 = Debug|Any CPU
		{7AA477D8-4510-41F5-8FA7-EC6B138E6928}.Release|Any CPU.ActiveCfg = Release|Any CPU
		{7AA477D8-4510-41F5-8FA7-EC6B138E6928}.Release|Any CPU.Build.0 = Release|Any CPU
		{79B0068A-22AB-4527-8CCF-7593FEE4E91C}.Debug|Any CPU.ActiveCfg = Debug|Any CPU
		{79B0068A-22AB-4527-8CCF-7593FEE4E91C}.Debug|Any CPU.Build.0 = Debug|Any CPU
		{79B0068A-22AB-4527-8CCF-7593FEE4E91C}.Release|Any CPU.ActiveCfg = Release|Any CPU
		{79B0068A-22AB-4527-8CCF-7593FEE4E91C}.Release|Any CPU.Build.0 = Release|Any CPU
		{065AAB7E-5553-4848-BADF-5C25BDC0F0CB}.Debug|Any CPU.ActiveCfg = Debug|Any CPU
		{065AAB7E-5553-4848-BADF-5C25BDC0F0CB}.Debug|Any CPU.Build.0 = Debug|Any CPU
		{065AAB7E-5553-4848-BADF-5C25BDC0F0CB}.Release|Any CPU.ActiveCfg = Release|Any CPU
		{065AAB7E-5553-4848-BADF-5C25BDC0F0CB}.Release|Any CPU.Build.0 = Release|Any CPU
		{9647771E-AAB3-4A40-ADAC-C95E92E16EF6}.Debug|Any CPU.ActiveCfg = Debug|Any CPU
		{9647771E-AAB3-4A40-ADAC-C95E92E16EF6}.Debug|Any CPU.Build.0 = Debug|Any CPU
		{9647771E-AAB3-4A40-ADAC-C95E92E16EF6}.Release|Any CPU.ActiveCfg = Release|Any CPU
		{9647771E-AAB3-4A40-ADAC-C95E92E16EF6}.Release|Any CPU.Build.0 = Release|Any CPU
		{5861122C-6ED8-4E68-A2AC-000234278B79}.Debug|Any CPU.ActiveCfg = Debug|Any CPU
		{5861122C-6ED8-4E68-A2AC-000234278B79}.Debug|Any CPU.Build.0 = Debug|Any CPU
		{5861122C-6ED8-4E68-A2AC-000234278B79}.Release|Any CPU.ActiveCfg = Release|Any CPU
		{5861122C-6ED8-4E68-A2AC-000234278B79}.Release|Any CPU.Build.0 = Release|Any CPU
		{DC68609C-64DB-4E56-8D3B-B94CEFEBCF5D}.Debug|Any CPU.ActiveCfg = Debug|Any CPU
		{DC68609C-64DB-4E56-8D3B-B94CEFEBCF5D}.Debug|Any CPU.Build.0 = Debug|Any CPU
		{DC68609C-64DB-4E56-8D3B-B94CEFEBCF5D}.Release|Any CPU.ActiveCfg = Release|Any CPU
		{DC68609C-64DB-4E56-8D3B-B94CEFEBCF5D}.Release|Any CPU.Build.0 = Release|Any CPU
		{80FB763E-EE00-4312-9B16-850019780B3E}.Debug|Any CPU.ActiveCfg = Debug|Any CPU
		{80FB763E-EE00-4312-9B16-850019780B3E}.Debug|Any CPU.Build.0 = Debug|Any CPU
		{80FB763E-EE00-4312-9B16-850019780B3E}.Release|Any CPU.ActiveCfg = Release|Any CPU
		{80FB763E-EE00-4312-9B16-850019780B3E}.Release|Any CPU.Build.0 = Release|Any CPU
		{1CBDE79C-8987-48CB-90FE-59B307D008FD}.Debug|Any CPU.ActiveCfg = Debug|Any CPU
		{1CBDE79C-8987-48CB-90FE-59B307D008FD}.Debug|Any CPU.Build.0 = Debug|Any CPU
		{1CBDE79C-8987-48CB-90FE-59B307D008FD}.Release|Any CPU.ActiveCfg = Release|Any CPU
		{1CBDE79C-8987-48CB-90FE-59B307D008FD}.Release|Any CPU.Build.0 = Release|Any CPU
		{6C62C774-2952-4C3F-B1E7-B8BD9680CEC0}.Debug|Any CPU.ActiveCfg = Debug|Any CPU
		{6C62C774-2952-4C3F-B1E7-B8BD9680CEC0}.Debug|Any CPU.Build.0 = Debug|Any CPU
		{6C62C774-2952-4C3F-B1E7-B8BD9680CEC0}.Release|Any CPU.ActiveCfg = Release|Any CPU
		{6C62C774-2952-4C3F-B1E7-B8BD9680CEC0}.Release|Any CPU.Build.0 = Release|Any CPU
		{0A4A7056-728A-4C1E-897E-525F10FEC7DC}.Debug|Any CPU.ActiveCfg = Debug|Any CPU
		{0A4A7056-728A-4C1E-897E-525F10FEC7DC}.Debug|Any CPU.Build.0 = Debug|Any CPU
		{0A4A7056-728A-4C1E-897E-525F10FEC7DC}.Release|Any CPU.ActiveCfg = Release|Any CPU
		{0A4A7056-728A-4C1E-897E-525F10FEC7DC}.Release|Any CPU.Build.0 = Release|Any CPU
	EndGlobalSection
	GlobalSection(SolutionProperties) = preSolution
		HideSolutionNode = FALSE
	EndGlobalSection
	GlobalSection(ExtensibilityGlobals) = postSolution
		SolutionGuid = {5F27F7E9-E244-4BD7-B1E0-34C42E7A18AC}
	EndGlobalSection
EndGlobal
